
Microsoft Visual Studio Solution File, Format Version 12.00
# Visual Studio Version 16
VisualStudioVersion = 16.0.29326.143
MinimumVisualStudioVersion = 10.0.40219.1
Project("{FAE04EC0-301F-11D3-BF4B-00C04F79EFBC}") = "Projekt.Android", "Projekt.Android\Projekt.Android.csproj", "{06609B99-5D80-406D-BB08-2F511BCAE676}"
EndProject
Project("{9A19103F-16F7-4668-BE54-9A1E7A4F7556}") = "Projekt", "Projekt\Projekt.csproj", "{26B25288-CA1B-4C42-B469-585011351438}"
EndProject
Project("{FAE04EC0-301F-11D3-BF4B-00C04F79EFBC}") = "UnitTestProject", "UnitTestProject\UnitTestProject.csproj", "{875263C7-D370-44AD-933C-70ADF46BCA41}"
EndProject
Global
	GlobalSection(SolutionConfigurationPlatforms) = preSolution
		Debug|Any CPU = Debug|Any CPU
		Release|Any CPU = Release|Any CPU
	EndGlobalSection
	GlobalSection(ProjectConfigurationPlatforms) = postSolution
		{06609B99-5D80-406D-BB08-2F511BCAE676}.Debug|Any CPU.ActiveCfg = Debug|Any CPU
		{06609B99-5D80-406D-BB08-2F511BCAE676}.Debug|Any CPU.Build.0 = Debug|Any CPU
		{06609B99-5D80-406D-BB08-2F511BCAE676}.Debug|Any CPU.Deploy.0 = Debug|Any CPU
		{06609B99-5D80-406D-BB08-2F511BCAE676}.Release|Any CPU.ActiveCfg = Release|Any CPU
		{06609B99-5D80-406D-BB08-2F511BCAE676}.Release|Any CPU.Build.0 = Release|Any CPU
		{06609B99-5D80-406D-BB08-2F511BCAE676}.Release|Any CPU.Deploy.0 = Release|Any CPU
		{26B25288-CA1B-4C42-B469-585011351438}.Debug|Any CPU.ActiveCfg = Debug|Any CPU
		{26B25288-CA1B-4C42-B469-585011351438}.Debug|Any CPU.Build.0 = Debug|Any CPU
		{26B25288-CA1B-4C42-B469-585011351438}.Debug|Any CPU.Deploy.0 = Debug|Any CPU
		{26B25288-CA1B-4C42-B469-585011351438}.Release|Any CPU.ActiveCfg = Release|Any CPU
		{26B25288-CA1B-4C42-B469-585011351438}.Release|Any CPU.Build.0 = Release|Any CPU
		{26B25288-CA1B-4C42-B469-585011351438}.Release|Any CPU.Deploy.0 = Release|Any CPU
		{875263C7-D370-44AD-933C-70ADF46BCA41}.Debug|Any CPU.ActiveCfg = Debug|Any CPU
		{875263C7-D370-44AD-933C-70ADF46BCA41}.Debug|Any CPU.Build.0 = Debug|Any CPU
		{875263C7-D370-44AD-933C-70ADF46BCA41}.Release|Any CPU.ActiveCfg = Release|Any CPU
		{875263C7-D370-44AD-933C-70ADF46BCA41}.Release|Any CPU.Build.0 = Release|Any CPU
	EndGlobalSection
	GlobalSection(SolutionProperties) = preSolution
		HideSolutionNode = FALSE
	EndGlobalSection
	GlobalSection(ExtensibilityGlobals) = postSolution
		SolutionGuid = {D20C4CD6-8D89-40EC-B1A0-5D2592B5E685}
	EndGlobalSection
EndGlobal
